<?xml version="1.0" encoding="utf-8"?>
<Project ToolsVersion="16.0" xmlns="http://schemas.microsoft.com/developer/msbuild/2003">
  <ItemGroup>
    <ClCompile Include="D:\Workspace\projects\General\CMakeProjectDemo\CMakeProjectDemo.cpp">
      <Filter>Source Files</Filter>
    </ClCompile>
    <ClCompile Include="D:\Workspace\projects\General\CMakeProjectDemo\SecondFile.cpp">
      <Filter>Source Files</Filter>
    </ClCompile>
    <ClCompile Include="D:\Workspace\projects\General\CMakeProjectDemo\math2\thirdfile.cpp">
      <Filter>Source Files</Filter>
    </ClCompile>
  </ItemGroup>
  <ItemGroup>
    <CustomBuild Include="D:\Workspace\projects\General\CMakeProjectDemo\CMakeLists.txt" />
  </ItemGroup>
  <ItemGroup>
    <Filter Include="Source Files">
      <UniqueIdentifier>{A8F1C77E-535B-3777-BDF2-F02C9663ED26}</UniqueIdentifier>
    </Filter>
  </ItemGroup>
</Project>
